
Microsoft Visual Studio Solution File, Format Version 12.00
# Visual Studio Version 17
VisualStudioVersion = 17.5.002.0
MinimumVisualStudioVersion = 10.0.40219.1
Project("{9A19103F-16F7-4668-BE54-9A1E7A4F7556}") = "Lab05_Ex01", "Lab05_Ex01\Lab05_Ex01.csproj", "{BC827146-36DB-45D3-994A-5ACDCAC36E9C}"
EndProject
Global
	GlobalSection(SolutionConfigurationPlatforms) = preSolution
		Debug|Any CPU = Debug|Any CPU
		Release|Any CPU = Release|Any CPU
	EndGlobalSection
	GlobalSection(ProjectConfigurationPlatforms) = postSolution
		{BC827146-36DB-45D3-994A-5ACDCAC36E9C}.Debug|Any CPU.ActiveCfg = Debug|Any CPU
		{BC827146-36DB-45D3-994A-5ACDCAC36E9C}.Debug|Any CPU.Build.0 = Debug|Any CPU
		{BC827146-36DB-45D3-994A-5ACDCAC36E9C}.Release|Any CPU.ActiveCfg = Release|Any CPU
		{BC827146-36DB-45D3-994A-5ACDCAC36E9C}.Release|Any CPU.Build.0 = Release|Any CPU
	EndGlobalSection
	GlobalSection(SolutionProperties) = preSolution
		HideSolutionNode = FALSE
	EndGlobalSection
	GlobalSection(ExtensibilityGlobals) = postSolution
		SolutionGuid = {AC338BC7-FD9C-45C7-8D6D-C8C7908554EB}
	EndGlobalSection
EndGlobal
